{
  "version": 1,
  "dependencies": {
    "net6.0-windows7.0": {
      "DalamudPackager": {
        "type": "Direct",
        "requested": "[2.1.8, )",
        "resolved": "2.1.8",
        "contentHash": "YqagNXs9InxmqkXzq7kLveImxnodkBEicAhydMXVp7dFjC7xb76U6zGgAax4/BWIWfZeWzr5DJyQSev31kj81A=="
      },
      "Microsoft.Data.Sqlite": {
        "type": "Direct",
        "requested": "[6.0.8, )",
        "resolved": "6.0.8",
        "contentHash": "oX2Ehhy1s/5CLaXRzajASHu2bAp87QrMqPzF3MjQlAm3alUwgmeIDdbm2Mp4i4BB2oxdujyeYCGcDnbew8mBdA==",
        "dependencies": {
          "Microsoft.Data.Sqlite.Core": "6.0.8",
          "SQLitePCLRaw.bundle_e_sqlite3": "2.0.6"
        }
      },
      "Microsoft.Data.Sqlite.Core": {
        "type": "Transitive",
        "resolved": "6.0.8",
        "contentHash": "ssJbtn9p7vXh3T4gi7g1Ir0bY4cJgVOU1MtTvnl4JvbLNmlq2q24SNK5jJHK/IPI37nhDqcPLHtfW40bscYU/Q==",
        "dependencies": {
          "SQLitePCLRaw.core": "2.0.6"
        }
      },
      "SQLitePCLRaw.bundle_e_sqlite3": {
        "type": "Transitive",
        "resolved": "2.0.6",
        "contentHash": "zssYqiaucyGArZfg74rJuzK0ewgZiidsRVrZTmP7JLNvK806gXg6PGA46XzoJGpNPPA5uRcumwvVp6YTYxtQ5w==",
        "dependencies": {
          "SQLitePCLRaw.core": "2.0.6",
          "SQLitePCLRaw.lib.e_sqlite3": "2.0.6",
          "SQLitePCLRaw.provider.e_sqlite3": "2.0.6"
        }
      },
      "SQLitePCLRaw.core": {
        "type": "Transitive",
        "resolved": "2.0.6",
        "contentHash": "Vh8n0dTvwXkCGur2WqQTITvk4BUO8i8h9ucSx3wwuaej3s2S6ZC0R7vqCTf9TfS/I4QkXO6g3W2YQIRFkOcijA==",
        "dependencies": {
          "System.Memory": "4.5.3"
        }
      },
      "SQLitePCLRaw.lib.e_sqlite3": {
        "type": "Transitive",
        "resolved": "2.0.6",
        "contentHash": "xlstskMKalKQl0H2uLNe0viBM6fvAGLWqKZUQ3twX5y1tSOZKe0+EbXopQKYdbjJytNGI6y5WSKjpI+kVr2Ckg=="
      },
      "SQLitePCLRaw.provider.e_sqlite3": {
        "type": "Transitive",
        "resolved": "2.0.6",
        "contentHash": "peXLJbhU+0clVBIPirihM1NoTBqw8ouBpcUsVMlcZ4k6fcL2hwgkctVB2Nt5VsbnOJcPspQL5xQK7QvLpxkMgg==",
        "dependencies": {
          "SQLitePCLRaw.core": "2.0.6"
        }
      },
      "System.Memory": {
        "type": "Transitive",
        "resolved": "4.5.3",
        "contentHash": "3oDzvc/zzetpTKWMShs1AADwZjQ/36HnsufHRPcOjyRAAMLDlu2iD33MBI2opxnezcVUtXyqDXXjoFMOU9c7SA=="
      }
    }
  }
}