
Microsoft Visual Studio Solution File, Format Version 12.00
# Visual Studio Version 16
VisualStudioVersion = 16.0.29709.97
MinimumVisualStudioVersion = 10.0.40219.1
Project("{FAE04EC0-301F-11D3-BF4B-00C04F79EFBC}") = "ResLogger2.Plugin", "ResLogger2.Plugin\ResLogger2.Plugin.csproj", "{13C812E9-0D42-4B95-8646-40EEBF30636F}"
EndProject
Project("{FAE04EC0-301F-11D3-BF4B-00C04F79EFBC}") = "ResLogger2.Web", "ResLogger2.Web\ResLogger2.Web.csproj", "{C734E869-8B62-418A-B266-28EE966BD53E}"
EndProject
Project("{FAE04EC0-301F-11D3-BF4B-00C04F79EFBC}") = "ResLogger2.Common", "ResLogger2.Common\ResLogger2.Common.csproj", "{40ED0CF8-204A-4E35-AE5B-EED75E27722B}"
EndProject
Global
	GlobalSection(SolutionConfigurationPlatforms) = preSolution
		Debug|x64 = Debug|x64
		Release|x64 = Release|x64
	EndGlobalSection
	GlobalSection(ProjectConfigurationPlatforms) = postSolution
		{13C812E9-0D42-4B95-8646-40EEBF30636F}.Debug|x64.ActiveCfg = Debug|x64
		{13C812E9-0D42-4B95-8646-40EEBF30636F}.Debug|x64.Build.0 = Debug|x64
		{13C812E9-0D42-4B95-8646-40EEBF30636F}.Release|x64.ActiveCfg = Release|x64
		{13C812E9-0D42-4B95-8646-40EEBF30636F}.Release|x64.Build.0 = Release|x64
		{C734E869-8B62-418A-B266-28EE966BD53E}.Debug|x64.ActiveCfg = Debug|Any CPU
		{C734E869-8B62-418A-B266-28EE966BD53E}.Debug|x64.Build.0 = Debug|Any CPU
		{C734E869-8B62-418A-B266-28EE966BD53E}.Release|x64.ActiveCfg = Release|Any CPU
		{C734E869-8B62-418A-B266-28EE966BD53E}.Release|x64.Build.0 = Release|Any CPU
		{40ED0CF8-204A-4E35-AE5B-EED75E27722B}.Debug|x64.ActiveCfg = Debug|Any CPU
		{40ED0CF8-204A-4E35-AE5B-EED75E27722B}.Debug|x64.Build.0 = Debug|Any CPU
		{40ED0CF8-204A-4E35-AE5B-EED75E27722B}.Release|x64.ActiveCfg = Release|Any CPU
		{40ED0CF8-204A-4E35-AE5B-EED75E27722B}.Release|x64.Build.0 = Release|Any CPU
	EndGlobalSection
	GlobalSection(SolutionProperties) = preSolution
		HideSolutionNode = FALSE
	EndGlobalSection
	GlobalSection(ExtensibilityGlobals) = postSolution
		SolutionGuid = {B17E85B1-5F60-4440-9F9A-3DDE877E8CDF}
	EndGlobalSection
EndGlobal
